{
  "name": "infinite-auto-scrolling-gallery",
  "version": "1.0.0",
  "lockfileVersion": 1,
  "requires": true,
  "dependencies": {
    "ogl": {
      "version": "0.0.94",
      "resolved": "https://registry.npmjs.org/ogl/-/ogl-0.0.94.tgz",
      "integrity": "sha512-akdj5Qlkf5BJkFSPvo3ihACIX7WHQY/zcQn21mjjpkCvt1qsWA0pYb9tGaDbsWziwewIT9e8uWqjUGd5Exerlg=="
    }
  }
}
